
Microsoft Visual Studio Solution File, Format Version 12.00
# Visual Studio Version 16
VisualStudioVersion = 16.0.29503.13
MinimumVisualStudioVersion = 10.0.40219.1
Project("{FAE04EC0-301F-11D3-BF4B-00C04F79EFBC}") = "1", "1\1.csproj", "{781285AD-3A14-4C28-B066-A03813110F64}"
EndProject
Project("{9A19103F-16F7-4668-BE54-9A1E7A4F7556}") = "2", "2\2.csproj", "{345B2F4B-12B2-4D2F-9965-DD8A84E48EA4}"
EndProject
Project("{9A19103F-16F7-4668-BE54-9A1E7A4F7556}") = "2.2", "2.2\2.2.csproj", "{3BF01AEB-E20D-4F3A-BA83-F7003EF569FF}"
EndProject
Project("{9A19103F-16F7-4668-BE54-9A1E7A4F7556}") = "2.3", "2.3\2.3.csproj", "{33316D53-873B-4F0F-818A-E7248C11EFEE}"
EndProject
Project("{9A19103F-16F7-4668-BE54-9A1E7A4F7556}") = "3.1", "3.1\3.1.csproj", "{324ECD3B-4AE5-4309-A3A8-52680EE55D51}"
EndProject
Project("{9A19103F-16F7-4668-BE54-9A1E7A4F7556}") = "3.2", "3.2\3.2.csproj", "{7035E434-DD04-4EC6-AB55-F3D1B37E3DA8}"
EndProject
Project("{9A19103F-16F7-4668-BE54-9A1E7A4F7556}") = "3.3", "3.3\3.3.csproj", "{8BC333B2-5C12-4100-8A2A-CBB00130D875}"
EndProject
Project("{9A19103F-16F7-4668-BE54-9A1E7A4F7556}") = "3.4", "3.4\3.4.csproj", "{70F53891-7B6A-44A5-8595-AD92C0CCF956}"
EndProject
Project("{9A19103F-16F7-4668-BE54-9A1E7A4F7556}") = "3.5", "3.5\3.5.csproj", "{7D0EA021-B0AA-4ED1-9A62-1773B7118EDF}"
EndProject
Project("{FAE04EC0-301F-11D3-BF4B-00C04F79EFBC}") = "4", "4\4.csproj", "{4B5D8773-4B08-4EFE-B90B-6B82439ECB3B}"
EndProject
Project("{FAE04EC0-301F-11D3-BF4B-00C04F79EFBC}") = "5", "5\5.csproj", "{18D27EDB-75FE-417B-B38F-128D640D29C8}"
EndProject
Global
	GlobalSection(SolutionConfigurationPlatforms) = preSolution
		Debug|Any CPU = Debug|Any CPU
		Release|Any CPU = Release|Any CPU
	EndGlobalSection
	GlobalSection(ProjectConfigurationPlatforms) = postSolution
		{781285AD-3A14-4C28-B066-A03813110F64}.Debug|Any CPU.ActiveCfg = Debug|Any CPU
		{781285AD-3A14-4C28-B066-A03813110F64}.Debug|Any CPU.Build.0 = Debug|Any CPU
		{781285AD-3A14-4C28-B066-A03813110F64}.Release|Any CPU.ActiveCfg = Release|Any CPU
		{781285AD-3A14-4C28-B066-A03813110F64}.Release|Any CPU.Build.0 = Release|Any CPU
		{345B2F4B-12B2-4D2F-9965-DD8A84E48EA4}.Debug|Any CPU.ActiveCfg = Debug|Any CPU
		{345B2F4B-12B2-4D2F-9965-DD8A84E48EA4}.Debug|Any CPU.Build.0 = Debug|Any CPU
		{345B2F4B-12B2-4D2F-9965-DD8A84E48EA4}.Release|Any CPU.ActiveCfg = Release|Any CPU
		{345B2F4B-12B2-4D2F-9965-DD8A84E48EA4}.Release|Any CPU.Build.0 = Release|Any CPU
		{3BF01AEB-E20D-4F3A-BA83-F7003EF569FF}.Debug|Any CPU.ActiveCfg = Debug|Any CPU
		{3BF01AEB-E20D-4F3A-BA83-F7003EF569FF}.Debug|Any CPU.Build.0 = Debug|Any CPU
		{3BF01AEB-E20D-4F3A-BA83-F7003EF569FF}.Release|Any CPU.ActiveCfg = Release|Any CPU
		{3BF01AEB-E20D-4F3A-BA83-F7003EF569FF}.Release|Any CPU.Build.0 = Release|Any CPU
		{33316D53-873B-4F0F-818A-E7248C11EFEE}.Debug|Any CPU.ActiveCfg = Debug|Any CPU
		{33316D53-873B-4F0F-818A-E7248C11EFEE}.Debug|Any CPU.Build.0 = Debug|Any CPU
		{33316D53-873B-4F0F-818A-E7248C11EFEE}.Release|Any CPU.ActiveCfg = Release|Any CPU
		{33316D53-873B-4F0F-818A-E7248C11EFEE}.Release|Any CPU.Build.0 = Release|Any CPU
		{324ECD3B-4AE5-4309-A3A8-52680EE55D51}.Debug|Any CPU.ActiveCfg = Debug|Any CPU
		{324ECD3B-4AE5-4309-A3A8-52680EE55D51}.Debug|Any CPU.Build.0 = Debug|Any CPU
		{324ECD3B-4AE5-4309-A3A8-52680EE55D51}.Release|Any CPU.ActiveCfg = Release|Any CPU
		{324ECD3B-4AE5-4309-A3A8-52680EE55D51}.Release|Any CPU.Build.0 = Release|Any CPU
		{7035E434-DD04-4EC6-AB55-F3D1B37E3DA8}.Debug|Any CPU.ActiveCfg = Debug|Any CPU
		{7035E434-DD04-4EC6-AB55-F3D1B37E3DA8}.Debug|Any CPU.Build.0 = Debug|Any CPU
		{7035E434-DD04-4EC6-AB55-F3D1B37E3DA8}.Release|Any CPU.ActiveCfg = Release|Any CPU
		{7035E434-DD04-4EC6-AB55-F3D1B37E3DA8}.Release|Any CPU.Build.0 = Release|Any CPU
		{8BC333B2-5C12-4100-8A2A-CBB00130D875}.Debug|Any CPU.ActiveCfg = Debug|Any CPU
		{8BC333B2-5C12-4100-8A2A-CBB00130D875}.Debug|Any CPU.Build.0 = Debug|Any CPU
		{8BC333B2-5C12-4100-8A2A-CBB00130D875}.Release|Any CPU.ActiveCfg = Release|Any CPU
		{8BC333B2-5C12-4100-8A2A-CBB00130D875}.Release|Any CPU.Build.0 = Release|Any CPU
		{70F53891-7B6A-44A5-8595-AD92C0CCF956}.Debug|Any CPU.ActiveCfg = Debug|Any CPU
		{70F53891-7B6A-44A5-8595-AD92C0CCF956}.Debug|Any CPU.Build.0 = Debug|Any CPU
		{70F53891-7B6A-44A5-8595-AD92C0CCF956}.Release|Any CPU.ActiveCfg = Release|Any CPU
		{70F53891-7B6A-44A5-8595-AD92C0CCF956}.Release|Any CPU.Build.0 = Release|Any CPU
		{7D0EA021-B0AA-4ED1-9A62-1773B7118EDF}.Debug|Any CPU.ActiveCfg = Debug|Any CPU
		{7D0EA021-B0AA-4ED1-9A62-1773B7118EDF}.Debug|Any CPU.Build.0 = Debug|Any CPU
		{7D0EA021-B0AA-4ED1-9A62-1773B7118EDF}.Release|Any CPU.ActiveCfg = Release|Any CPU
		{7D0EA021-B0AA-4ED1-9A62-1773B7118EDF}.Release|Any CPU.Build.0 = Release|Any CPU
		{4B5D8773-4B08-4EFE-B90B-6B82439ECB3B}.Debug|Any CPU.ActiveCfg = Debug|Any CPU
		{4B5D8773-4B08-4EFE-B90B-6B82439ECB3B}.Debug|Any CPU.Build.0 = Debug|Any CPU
		{4B5D8773-4B08-4EFE-B90B-6B82439ECB3B}.Release|Any CPU.ActiveCfg = Release|Any CPU
		{4B5D8773-4B08-4EFE-B90B-6B82439ECB3B}.Release|Any CPU.Build.0 = Release|Any CPU
		{18D27EDB-75FE-417B-B38F-128D640D29C8}.Debug|Any CPU.ActiveCfg = Debug|Any CPU
		{18D27EDB-75FE-417B-B38F-128D640D29C8}.Debug|Any CPU.Build.0 = Debug|Any CPU
		{18D27EDB-75FE-417B-B38F-128D640D29C8}.Release|Any CPU.ActiveCfg = Release|Any CPU
		{18D27EDB-75FE-417B-B38F-128D640D29C8}.Release|Any CPU.Build.0 = Release|Any CPU
	EndGlobalSection
	GlobalSection(SolutionProperties) = preSolution
		HideSolutionNode = FALSE
	EndGlobalSection
	GlobalSection(ExtensibilityGlobals) = postSolution
		SolutionGuid = {833CF82F-DC54-4737-9A42-F96D639D8359}
	EndGlobalSection
EndGlobal
